// !$*UTF8*$!
{
	archiveVersion = 1;
	classes = {
	};
	objectVersion = 55;
	objects = {

/* Begin PBXBuildFile section */
		84B31AF72774AA0000B0C38D /* AppDelegate.swift in Sources */ = {isa = PBXBuildFile; fileRef = 84B31AF62774AA0000B0C38D /* AppDelegate.swift */; };
		84B31AF92774AA0000B0C38D /* SceneDelegate.swift in Sources */ = {isa = PBXBuildFile; fileRef = 84B31AF82774AA0000B0C38D /* SceneDelegate.swift */; };
		84B31AFE2774AA0000B0C38D /* Main.storyboard in Resources */ = {isa = PBXBuildFile; fileRef = 84B31AFC2774AA0000B0C38D /* Main.storyboard */; };
		84B31B002774AA0200B0C38D /* Assets.xcassets in Resources */ = {isa = PBXBuildFile; fileRef = 84B31AFF2774AA0200B0C38D /* Assets.xcassets */; };
		84B31B032774AA0200B0C38D /* LaunchScreen.storyboard in Resources */ = {isa = PBXBuildFile; fileRef = 84B31B012774AA0200B0C38D /* LaunchScreen.storyboard */; };
		84B31B0C2774AAE300B0C38D /* quotes.json in Resources */ = {isa = PBXBuildFile; fileRef = 84B31B0A2774AAE300B0C38D /* quotes.json */; };
		84B31B0D2774AAE300B0C38D /* Savoye LET.ttc in Resources */ = {isa = PBXBuildFile; fileRef = 84B31B0B2774AAE300B0C38D /* Savoye LET.ttc */; };
		84B31B102774DC7700B0C38D /* QuotesViewController.swift in Sources */ = {isa = PBXBuildFile; fileRef = 84B31B0F2774DC7700B0C38D /* QuotesViewController.swift */; };
		84B31B122774DCCB00B0C38D /* SettingsViewController.swift in Sources */ = {isa = PBXBuildFile; fileRef = 84B31B112774DCCB00B0C38D /* SettingsViewController.swift */; };
		84B31B162774E32C00B0C38D /* Quote.swift in Sources */ = {isa = PBXBuildFile; fileRef = 84B31B152774E32C00B0C38D /* Quote.swift */; };
		84B31B192774E37700B0C38D /* QuotesManager.swift in Sources */ = {isa = PBXBuildFile; fileRef = 84B31B182774E37700B0C38D /* QuotesManager.swift */; };
		84B31B1B2774E39F00B0C38D /* Configuration.swift in Sources */ = {isa = PBXBuildFile; fileRef = 84B31B1A2774E39F00B0C38D /* Configuration.swift */; };
		84B31B1D27751B5700B0C38D /* Settings.bundle in Resources */ = {isa = PBXBuildFile; fileRef = 84B31B1C27751B5700B0C38D /* Settings.bundle */; };
/* End PBXBuildFile section */

/* Begin PBXFileReference section */
		84B31AF32774AA0000B0C38D /* Pensamentos.app */ = {isa = PBXFileReference; explicitFileType = wrapper.application; includeInIndex = 0; path = Pensamentos.app; sourceTree = BUILT_PRODUCTS_DIR; };
		84B31AF62774AA0000B0C38D /* AppDelegate.swift */ = {isa = PBXFileReference; lastKnownFileType = sourcecode.swift; path = AppDelegate.swift; sourceTree = "<group>"; };
		84B31AF82774AA0000B0C38D /* SceneDelegate.swift */ = {isa = PBXFileReference; lastKnownFileType = sourcecode.swift; path = SceneDelegate.swift; sourceTree = "<group>"; };
		84B31AFD2774AA0000B0C38D /* Base */ = {isa = PBXFileReference; lastKnownFileType = file.storyboard; name = Base; path = Base.lproj/Main.storyboard; sourceTree = "<group>"; };
		84B31AFF2774AA0200B0C38D /* Assets.xcassets */ = {isa = PBXFileReference; lastKnownFileType = folder.assetcatalog; path = Assets.xcassets; sourceTree = "<group>"; };
		84B31B022774AA0200B0C38D /* Base */ = {isa = PBXFileReference; lastKnownFileType = file.storyboard; name = Base; path = Base.lproj/LaunchScreen.storyboard; sourceTree = "<group>"; };
		84B31B042774AA0200B0C38D /* Info.plist */ = {isa = PBXFileReference; lastKnownFileType = text.plist.xml; path = Info.plist; sourceTree = "<group>"; };
		84B31B0A2774AAE300B0C38D /* quotes.json */ = {isa = PBXFileReference; fileEncoding = 4; lastKnownFileType = text.json; path = quotes.json; sourceTree = "<group>"; };
		84B31B0B2774AAE300B0C38D /* Savoye LET.ttc */ = {isa = PBXFileReference; lastKnownFileType = file; path = "Savoye LET.ttc"; sourceTree = "<group>"; };
		84B31B0F2774DC7700B0C38D /* QuotesViewController.swift */ = {isa = PBXFileReference; lastKnownFileType = sourcecode.swift; path = QuotesViewController.swift; sourceTree = "<group>"; };
		84B31B112774DCCB00B0C38D /* SettingsViewController.swift */ = {isa = PBXFileReference; lastKnownFileType = sourcecode.swift; path = SettingsViewController.swift; sourceTree = "<group>"; };
		84B31B152774E32C00B0C38D /* Quote.swift */ = {isa = PBXFileReference; lastKnownFileType = sourcecode.swift; path = Quote.swift; sourceTree = "<group>"; };
		84B31B182774E37700B0C38D /* QuotesManager.swift */ = {isa = PBXFileReference; lastKnownFileType = sourcecode.swift; path = QuotesManager.swift; sourceTree = "<group>"; };
		84B31B1A2774E39F00B0C38D /* Configuration.swift */ = {isa = PBXFileReference; lastKnownFileType = sourcecode.swift; path = Configuration.swift; sourceTree = "<group>"; };
		84B31B1C27751B5700B0C38D /* Settings.bundle */ = {isa = PBXFileReference; lastKnownFileType = "wrapper.plug-in"; path = Settings.bundle; sourceTree = SOURCE_ROOT; };
/* End PBXFileReference section */

/* Begin PBXFrameworksBuildPhase section */
		84B31AF02774AA0000B0C38D /* Frameworks */ = {
			isa = PBXFrameworksBuildPhase;
			buildActionMask = 2147483647;
			files = (
			);
			runOnlyForDeploymentPostprocessing = 0;
		};
/* End PBXFrameworksBuildPhase section */

/* Begin PBXGroup section */
		84B31AEA2774AA0000B0C38D = {
			isa = PBXGroup;
			children = (
				84B31AF52774AA0000B0C38D /* Pensamentos */,
				84B31AF42774AA0000B0C38D /* Products */,
			);
			sourceTree = "<group>";
		};
		84B31AF42774AA0000B0C38D /* Products */ = {
			isa = PBXGroup;
			children = (
				84B31AF32774AA0000B0C38D /* Pensamentos.app */,
			);
			name = Products;
			sourceTree = "<group>";
		};
		84B31AF52774AA0000B0C38D /* Pensamentos */ = {
			isa = PBXGroup;
			children = (
				84B31B1C27751B5700B0C38D /* Settings.bundle */,
				84B31B0E2774AAFC00B0C38D /* Files */,
				84B31AF62774AA0000B0C38D /* AppDelegate.swift */,
				84B31AF82774AA0000B0C38D /* SceneDelegate.swift */,
				84B31B132774DCF700B0C38D /* Controllers */,
				84B31AFF2774AA0200B0C38D /* Assets.xcassets */,
				84B31B172774E34E00B0C38D /* Models */,
				84B31B142774DD2800B0C38D /* Views */,
				84B31B042774AA0200B0C38D /* Info.plist */,
			);
			path = Pensamentos;
			sourceTree = "<group>";
		};
		84B31B0E2774AAFC00B0C38D /* Files */ = {
			isa = PBXGroup;
			children = (
				84B31B0A2774AAE300B0C38D /* quotes.json */,
				84B31B0B2774AAE300B0C38D /* Savoye LET.ttc */,
			);
			path = Files;
			sourceTree = "<group>";
		};
		84B31B132774DCF700B0C38D /* Controllers */ = {
			isa = PBXGroup;
			children = (
				84B31B112774DCCB00B0C38D /* SettingsViewController.swift */,
				84B31B0F2774DC7700B0C38D /* QuotesViewController.swift */,
			);
			path = Controllers;
			sourceTree = "<group>";
		};
		84B31B142774DD2800B0C38D /* Views */ = {
			isa = PBXGroup;
			children = (
				84B31AFC2774AA0000B0C38D /* Main.storyboard */,
				84B31B012774AA0200B0C38D /* LaunchScreen.storyboard */,
			);
			path = Views;
			sourceTree = "<group>";
		};
		84B31B172774E34E00B0C38D /* Models */ = {
			isa = PBXGroup;
			children = (
				84B31B152774E32C00B0C38D /* Quote.swift */,
				84B31B182774E37700B0C38D /* QuotesManager.swift */,
				84B31B1A2774E39F00B0C38D /* Configuration.swift */,
			);
			path = Models;
			sourceTree = "<group>";
		};
/* End PBXGroup section */

/* Begin PBXNativeTarget section */
		84B31AF22774AA0000B0C38D /* Pensamentos */ = {
			isa = PBXNativeTarget;
			buildConfigurationList = 84B31B072774AA0200B0C38D /* Build configuration list for PBXNativeTarget "Pensamentos" */;
			buildPhases = (
				84B31AEF2774AA0000B0C38D /* Sources */,
				84B31AF02774AA0000B0C38D /* Frameworks */,
				84B31AF12774AA0000B0C38D /* Resources */,
			);
			buildRules = (
			);
			dependencies = (
			);
			name = Pensamentos;
			productName = Pensamentos;
			productReference = 84B31AF32774AA0000B0C38D /* Pensamentos.app */;
			productType = "com.apple.product-type.application";
		};
/* End PBXNativeTarget section */

/* Begin PBXProject section */
		84B31AEB2774AA0000B0C38D /* Project object */ = {
			isa = PBXProject;
			attributes = {
				BuildIndependentTargetsInParallel = 1;
				LastSwiftUpdateCheck = 1320;
				LastUpgradeCheck = 1320;
				TargetAttributes = {
					84B31AF22774AA0000B0C38D = {
						CreatedOnToolsVersion = 13.2.1;
					};
				};
			};
			buildConfigurationList = 84B31AEE2774AA0000B0C38D /* Build configuration list for PBXProject "Pensamentos" */;
			compatibilityVersion = "Xcode 13.0";
			developmentRegion = en;
			hasScannedForEncodings = 0;
			knownRegions = (
				en,
				Base,
			);
			mainGroup = 84B31AEA2774AA0000B0C38D;
			productRefGroup = 84B31AF42774AA0000B0C38D /* Products */;
			projectDirPath = "";
			projectRoot = "";
			targets = (
				84B31AF22774AA0000B0C38D /* Pensamentos */,
			);
		};
/* End PBXProject section */

/* Begin PBXResourcesBuildPhase section */
		84B31AF12774AA0000B0C38D /* Resources */ = {
			isa = PBXResourcesBuildPhase;
			buildActionMask = 2147483647;
			files = (
				84B31B0C2774AAE300B0C38D /* quotes.json in Resources */,
				84B31B032774AA0200B0C38D /* LaunchScreen.storyboard in Resources */,
				84B31B002774AA0200B0C38D /* Assets.xcassets in Resources */,
				84B31B0D2774AAE300B0C38D /* Savoye LET.ttc in Resources */,
				84B31B1D27751B5700B0C38D /* Settings.bundle in Resources */,
				84B31AFE2774AA0000B0C38D /* Main.storyboard in Resources */,
			);
			runOnlyForDeploymentPostprocessing = 0;
		};
/* End PBXResourcesBuildPhase section */

/* Begin PBXSourcesBuildPhase section */
		84B31AEF2774AA0000B0C38D /* Sources */ = {
			isa = PBXSourcesBuildPhase;
			buildActionMask = 2147483647;
			files = (
				84B31B102774DC7700B0C38D /* QuotesViewController.swift in Sources */,
				84B31AF72774AA0000B0C38D /* AppDelegate.swift in Sources */,
				84B31B1B2774E39F00B0C38D /* Configuration.swift in Sources */,
				84B31AF92774AA0000B0C38D /* SceneDelegate.swift in Sources */,
				84B31B162774E32C00B0C38D /* Quote.swift in Sources */,
				84B31B192774E37700B0C38D /* QuotesManager.swift in Sources */,
				84B31B122774DCCB00B0C38D /* SettingsViewController.swift in Sources */,
			);
			runOnlyForDeploymentPostprocessing = 0;
		};
/* End PBXSourcesBuildPhase section */

/* Begin PBXVariantGroup section */
		84B31AFC2774AA0000B0C38D /* Main.storyboard */ = {
			isa = PBXVariantGroup;
			children = (
				84B31AFD2774AA0000B0C38D /* Base */,
			);
			name = Main.storyboard;
			sourceTree = "<group>";
		};
		84B31B012774AA0200B0C38D /* LaunchScreen.storyboard */ = {
			isa = PBXVariantGroup;
			children = (
				84B31B022774AA0200B0C38D /* Base */,
			);
			name = LaunchScreen.storyboard;
			sourceTree = "<group>";
		};
/* End PBXVariantGroup section */

/* Begin XCBuildConfiguration section */
		84B31B052774AA0200B0C38D /* Debug */ = {
			isa = XCBuildConfiguration;
			buildSettings = {
				ALWAYS_SEARCH_USER_PATHS = NO;
				CLANG_ANALYZER_NONNULL = YES;
				CLANG_ANALYZER_NUMBER_OBJECT_CONVERSION = YES_AGGRESSIVE;
				CLANG_CXX_LANGUAGE_STANDARD = "gnu++17";
				CLANG_CXX_LIBRARY = "libc++";
				CLANG_ENABLE_MODULES = YES;
				CLANG_ENABLE_OBJC_ARC = YES;
				CLANG_ENABLE_OBJC_WEAK = YES;
				CLANG_WARN_BLOCK_CAPTURE_AUTORELEASING = YES;
				CLANG_WARN_BOOL_CONVERSION = YES;
				CLANG_WARN_COMMA = YES;
				CLANG_WARN_CONSTANT_CONVERSION = YES;
				CLANG_WARN_DEPRECATED_OBJC_IMPLEMENTATIONS = YES;
				CLANG_WARN_DIRECT_OBJC_ISA_USAGE = YES_ERROR;
				CLANG_WARN_DOCUMENTATION_COMMENTS = YES;
				CLANG_WARN_EMPTY_BODY = YES;
				CLANG_WARN_ENUM_CONVERSION = YES;
				CLANG_WARN_INFINITE_RECURSION = YES;
				CLANG_WARN_INT_CONVERSION = YES;
				CLANG_WARN_NON_LITERAL_NULL_CONVERSION = YES;
				CLANG_WARN_OBJC_IMPLICIT_RETAIN_SELF = YES;
				CLANG_WARN_OBJC_LITERAL_CONVERSION = YES;
				CLANG_WARN_OBJC_ROOT_CLASS = YES_ERROR;
				CLANG_WARN_QUOTED_INCLUDE_IN_FRAMEWORK_HEADER = YES;
				CLANG_WARN_RANGE_LOOP_ANALYSIS = YES;
				CLANG_WARN_STRICT_PROTOTYPES = YES;
				CLANG_WARN_SUSPICIOUS_MOVE = YES;
				CLANG_WARN_UNGUARDED_AVAILABILITY = YES_AGGRESSIVE;
				CLANG_WARN_UNREACHABLE_CODE = YES;
				CLANG_WARN__DUPLICATE_METHOD_MATCH = YES;
				COPY_PHASE_STRIP = NO;
				DEBUG_INFORMATION_FORMAT = dwarf;
				ENABLE_STRICT_OBJC_MSGSEND = YES;
				ENABLE_TESTABILITY = YES;
				GCC_C_LANGUAGE_STANDARD = gnu11;
				GCC_DYNAMIC_NO_PIC = NO;
				GCC_NO_COMMON_BLOCKS = YES;
				GCC_OPTIMIZATION_LEVEL = 0;
				GCC_PREPROCESSOR_DEFINITIONS = (
					"DEBUG=1",
					"$(inherited)",
				);
				GCC_WARN_64_TO_32_BIT_CONVERSION = YES;
				GCC_WARN_ABOUT_RETURN_TYPE = YES_ERROR;
				GCC_WARN_UNDECLARED_SELECTOR = YES;
				GCC_WARN_UNINITIALIZED_AUTOS = YES_AGGRESSIVE;
				GCC_WARN_UNUSED_FUNCTION = YES;
				GCC_WARN_UNUSED_VARIABLE = YES;
				IPHONEOS_DEPLOYMENT_TARGET = 15.2;
				MTL_ENABLE_DEBUG_INFO = INCLUDE_SOURCE;
				MTL_FAST_MATH = YES;
				ONLY_ACTIVE_ARCH = YES;
				SDKROOT = iphoneos;
				SWIFT_ACTIVE_COMPILATION_CONDITIONS = DEBUG;
				SWIFT_OPTIMIZATION_LEVEL = "-Onone";
			};
			name = Debug;
		};
		84B31B062774AA0200B0C38D /* Release */ = {
			isa = XCBuildConfiguration;
			buildSettings = {
				ALWAYS_SEARCH_USER_PATHS = NO;
				CLANG_ANALYZER_NONNULL = YES;
				CLANG_ANALYZER_NUMBER_OBJECT_CONVERSION = YES_AGGRESSIVE;
				CLANG_CXX_LANGUAGE_STANDARD = "gnu++17";
				CLANG_CXX_LIBRARY = "libc++";
				CLANG_ENABLE_MODULES = YES;
				CLANG_ENABLE_OBJC_ARC = YES;
				CLANG_ENABLE_OBJC_WEAK = YES;
				CLANG_WARN_BLOCK_CAPTURE_AUTORELEASING = YES;
				CLANG_WARN_BOOL_CONVERSION = YES;
				CLANG_WARN_COMMA = YES;
				CLANG_WARN_CONSTANT_CONVERSION = YES;
				CLANG_WARN_DEPRECATED_OBJC_IMPLEMENTATIONS = YES;
				CLANG_WARN_DIRECT_OBJC_ISA_USAGE = YES_ERROR;
				CLANG_WARN_DOCUMENTATION_COMMENTS = YES;
				CLANG_WARN_EMPTY_BODY = YES;
				CLANG_WARN_ENUM_CONVERSION = YES;
				CLANG_WARN_INFINITE_RECURSION = YES;
				CLANG_WARN_INT_CONVERSION = YES;
				CLANG_WARN_NON_LITERAL_NULL_CONVERSION = YES;
				CLANG_WARN_OBJC_IMPLICIT_RETAIN_SELF = YES;
				CLANG_WARN_OBJC_LITERAL_CONVERSION = YES;
				CLANG_WARN_OBJC_ROOT_CLASS = YES_ERROR;
				CLANG_WARN_QUOTED_INCLUDE_IN_FRAMEWORK_HEADER = YES;
				CLANG_WARN_RANGE_LOOP_ANALYSIS = YES;
				CLANG_WARN_STRICT_PROTOTYPES = YES;
				CLANG_WARN_SUSPICIOUS_MOVE = YES;
				CLANG_WARN_UNGUARDED_AVAILABILITY = YES_AGGRESSIVE;
				CLANG_WARN_UNREACHABLE_CODE = YES;
				CLANG_WARN__DUPLICATE_METHOD_MATCH = YES;
				COPY_PHASE_STRIP = NO;
				DEBUG_INFORMATION_FORMAT = "dwarf-with-dsym";
				ENABLE_NS_ASSERTIONS = NO;
				ENABLE_STRICT_OBJC_MSGSEND = YES;
				GCC_C_LANGUAGE_STANDARD = gnu11;
				GCC_NO_COMMON_BLOCKS = YES;
				GCC_WARN_64_TO_32_BIT_CONVERSION = YES;
				GCC_WARN_ABOUT_RETURN_TYPE = YES_ERROR;
				GCC_WARN_UNDECLARED_SELECTOR = YES;
				GCC_WARN_UNINITIALIZED_AUTOS = YES_AGGRESSIVE;
				GCC_WARN_UNUSED_FUNCTION = YES;
				GCC_WARN_UNUSED_VARIABLE = YES;
				IPHONEOS_DEPLOYMENT_TARGET = 15.2;
				MTL_ENABLE_DEBUG_INFO = NO;
				MTL_FAST_MATH = YES;
				SDKROOT = iphoneos;
				SWIFT_COMPILATION_MODE = wholemodule;
				SWIFT_OPTIMIZATION_LEVEL = "-O";
				VALIDATE_PRODUCT = YES;
			};
			name = Release;
		};
		84B31B082774AA0200B0C38D /* Debug */ = {
			isa = XCBuildConfiguration;
			buildSettings = {
				ASSETCATALOG_COMPILER_APPICON_NAME = AppIcon;
				ASSETCATALOG_COMPILER_GLOBAL_ACCENT_COLOR_NAME = AccentColor;
				CODE_SIGN_STYLE = Automatic;
				CURRENT_PROJECT_VERSION = 1;
				DEVELOPMENT_TEAM = 2HS2547AFS;
				GENERATE_INFOPLIST_FILE = YES;
				INFOPLIST_FILE = Pensamentos/Info.plist;
				INFOPLIST_KEY_UIApplicationSupportsIndirectInputEvents = YES;
				INFOPLIST_KEY_UILaunchStoryboardName = LaunchScreen;
				INFOPLIST_KEY_UIMainStoryboardFile = Main;
				INFOPLIST_KEY_UISupportedInterfaceOrientations = UIInterfaceOrientationPortrait;
				INFOPLIST_KEY_UISupportedInterfaceOrientations_iPad = "UIInterfaceOrientationPortrait UIInterfaceOrientationPortraitUpsideDown UIInterfaceOrientationLandscapeLeft UIInterfaceOrientationLandscapeRight";
				INFOPLIST_KEY_UISupportedInterfaceOrientations_iPhone = "UIInterfaceOrientationPortrait UIInterfaceOrientationLandscapeLeft UIInterfaceOrientationLandscapeRight";
				LD_RUNPATH_SEARCH_PATHS = (
					"$(inherited)",
					"@executable_path/Frameworks",
				);
				MARKETING_VERSION = 1.0;
				PRODUCT_BUNDLE_IDENTIFIER = br.com.victorfeitosa.Pensamentos;
				PRODUCT_NAME = "$(TARGET_NAME)";
				SWIFT_EMIT_LOC_STRINGS = YES;
				SWIFT_VERSION = 5.0;
				TARGETED_DEVICE_FAMILY = 1;
			};
			name = Debug;
		};
		84B31B092774AA0200B0C38D /* Release */ = {
			isa = XCBuildConfiguration;
			buildSettings = {
				ASSETCATALOG_COMPILER_APPICON_NAME = AppIcon;
				ASSETCATALOG_COMPILER_GLOBAL_ACCENT_COLOR_NAME = AccentColor;
				CODE_SIGN_STYLE = Automatic;
				CURRENT_PROJECT_VERSION = 1;
				DEVELOPMENT_TEAM = 2HS2547AFS;
				GENERATE_INFOPLIST_FILE = YES;
				INFOPLIST_FILE = Pensamentos/Info.plist;
				INFOPLIST_KEY_UIApplicationSupportsIndirectInputEvents = YES;
				INFOPLIST_KEY_UILaunchStoryboardName = LaunchScreen;
				INFOPLIST_KEY_UIMainStoryboardFile = Main;
				INFOPLIST_KEY_UISupportedInterfaceOrientations = UIInterfaceOrientationPortrait;
				INFOPLIST_KEY_UISupportedInterfaceOrientations_iPad = "UIInterfaceOrientationPortrait UIInterfaceOrientationPortraitUpsideDown UIInterfaceOrientationLandscapeLeft UIInterfaceOrientationLandscapeRight";
				INFOPLIST_KEY_UISupportedInterfaceOrientations_iPhone = "UIInterfaceOrientationPortrait UIInterfaceOrientationLandscapeLeft UIInterfaceOrientationLandscapeRight";
				LD_RUNPATH_SEARCH_PATHS = (
					"$(inherited)",
					"@executable_path/Frameworks",
				);
				MARKETING_VERSION = 1.0;
				PRODUCT_BUNDLE_IDENTIFIER = br.com.victorfeitosa.Pensamentos;
				PRODUCT_NAME = "$(TARGET_NAME)";
				SWIFT_EMIT_LOC_STRINGS = YES;
				SWIFT_VERSION = 5.0;
				TARGETED_DEVICE_FAMILY = 1;
			};
			name = Release;
		};
/* End XCBuildConfiguration section */

/* Begin XCConfigurationList section */
		84B31AEE2774AA0000B0C38D /* Build configuration list for PBXProject "Pensamentos" */ = {
			isa = XCConfigurationList;
			buildConfigurations = (
				84B31B052774AA0200B0C38D /* Debug */,
				84B31B062774AA0200B0C38D /* Release */,
			);
			defaultConfigurationIsVisible = 0;
			defaultConfigurationName = Release;
		};
		84B31B072774AA0200B0C38D /* Build configuration list for PBXNativeTarget "Pensamentos" */ = {
			isa = XCConfigurationList;
			buildConfigurations = (
				84B31B082774AA0200B0C38D /* Debug */,
				84B31B092774AA0200B0C38D /* Release */,
			);
			defaultConfigurationIsVisible = 0;
			defaultConfigurationName = Release;
		};
/* End XCConfigurationList section */
	};
	rootObject = 84B31AEB2774AA0000B0C38D /* Project object */;
}
